// !$*UTF8*$!
{
	archiveVersion = 1;
	classes = {
	};
	objectVersion = 56;
	objects = {

/* Begin PBXBuildFile section */
		A100000000000000000000001 /* main.m in Sources */ = {isa = PBXBuildFile; fileRef = A200000000000000000000001 /* main.m */; };
		A100000000000000000000002 /* AppDelegate.m in Sources */ = {isa = PBXBuildFile; fileRef = A200000000000000000000002 /* AppDelegate.m */; };
		A100000000000000000000003 /* SceneDelegate.m in Sources */ = {isa = PBXBuildFile; fileRef = A200000000000000000000004 /* SceneDelegate.m */; };
		A100000000000000000000004 /* ViewController.m in Sources */ = {isa = PBXBuildFile; fileRef = A200000000000000000000006 /* ViewController.m */; };
		A100000000000000000000005 /* KeychainManager.m in Sources */ = {isa = PBXBuildFile; fileRef = A200000000000000000000008 /* KeychainManager.m */; };
		A100000000000000000000006 /* Security.framework in Frameworks */ = {isa = PBXBuildFile; fileRef = A200000000000000000000009 /* Security.framework */; };
		A100000000000000000000007 /* UIKit.framework in Frameworks */ = {isa = PBXBuildFile; fileRef = A200000000000000000000012 /* UIKit.framework */; };
		A100000000000000000000008 /* Foundation.framework in Frameworks */ = {isa = PBXBuildFile; fileRef = A200000000000000000000013 /* Foundation.framework */; };
		A100000000000000000000009 /* UniformTypeIdentifiers.framework in Frameworks */ = {isa = PBXBuildFile; fileRef = A200000000000000000000014 /* UniformTypeIdentifiers.framework */; };
		A100000000000000000000010 /* BrowseViewController.m in Sources */ = {isa = PBXBuildFile; fileRef = A200000000000000000000015 /* BrowseViewController.m */; };
		A100000000000000000000011 /* DetailViewController.m in Sources */ = {isa = PBXBuildFile; fileRef = A200000000000000000000017 /* DetailViewController.m */; };
		A100000000000000000000012 /* CoreGraphics.framework in Frameworks */ = {isa = PBXBuildFile; fileRef = A200000000000000000000019 /* CoreGraphics.framework */; };
/* End PBXBuildFile section */

/* Begin PBXFileReference section */
		A200000000000000000000001 /* main.m */ = {isa = PBXFileReference; lastKnownFileType = sourcecode.c.objc; path = main.m; sourceTree = "<group>"; };
		A200000000000000000000002 /* AppDelegate.m */ = {isa = PBXFileReference; lastKnownFileType = sourcecode.c.objc; path = AppDelegate.m; sourceTree = "<group>"; };
		A200000000000000000000003 /* AppDelegate.h */ = {isa = PBXFileReference; lastKnownFileType = sourcecode.c.h; path = AppDelegate.h; sourceTree = "<group>"; };
		A200000000000000000000004 /* SceneDelegate.m */ = {isa = PBXFileReference; lastKnownFileType = sourcecode.c.objc; path = SceneDelegate.m; sourceTree = "<group>"; };
		A200000000000000000000005 /* SceneDelegate.h */ = {isa = PBXFileReference; lastKnownFileType = sourcecode.c.h; path = SceneDelegate.h; sourceTree = "<group>"; };
		A200000000000000000000006 /* ViewController.m */ = {isa = PBXFileReference; lastKnownFileType = sourcecode.c.objc; path = ViewController.m; sourceTree = "<group>"; };
		A200000000000000000000007 /* ViewController.h */ = {isa = PBXFileReference; lastKnownFileType = sourcecode.c.h; path = ViewController.h; sourceTree = "<group>"; };
		A200000000000000000000008 /* KeychainManager.m */ = {isa = PBXFileReference; lastKnownFileType = sourcecode.c.objc; path = KeychainManager.m; sourceTree = "<group>"; };
		A200000000000000000000010 /* KeychainManager.h */ = {isa = PBXFileReference; lastKnownFileType = sourcecode.c.h; path = KeychainManager.h; sourceTree = "<group>"; };
		A200000000000000000000009 /* Security.framework */ = {isa = PBXFileReference; lastKnownFileType = wrapper.framework; name = Security.framework; path = System/Library/Frameworks/Security.framework; sourceTree = SDKROOT; };
		A200000000000000000000011 /* Info.plist */ = {isa = PBXFileReference; lastKnownFileType = text.plist.xml; path = Info.plist; sourceTree = "<group>"; };
		A200000000000000000000012 /* UIKit.framework */ = {isa = PBXFileReference; lastKnownFileType = wrapper.framework; name = UIKit.framework; path = System/Library/Frameworks/UIKit.framework; sourceTree = SDKROOT; };
		A200000000000000000000013 /* Foundation.framework */ = {isa = PBXFileReference; lastKnownFileType = wrapper.framework; name = Foundation.framework; path = System/Library/Frameworks/Foundation.framework; sourceTree = SDKROOT; };
		A200000000000000000000014 /* UniformTypeIdentifiers.framework */ = {isa = PBXFileReference; lastKnownFileType = wrapper.framework; name = UniformTypeIdentifiers.framework; path = System/Library/Frameworks/UniformTypeIdentifiers.framework; sourceTree = SDKROOT; };
		A200000000000000000000015 /* BrowseViewController.m */ = {isa = PBXFileReference; lastKnownFileType = sourcecode.c.objc; path = BrowseViewController.m; sourceTree = "<group>"; };
		A200000000000000000000016 /* BrowseViewController.h */ = {isa = PBXFileReference; lastKnownFileType = sourcecode.c.h; path = BrowseViewController.h; sourceTree = "<group>"; };
		A200000000000000000000017 /* DetailViewController.m */ = {isa = PBXFileReference; lastKnownFileType = sourcecode.c.objc; path = DetailViewController.m; sourceTree = "<group>"; };
		A200000000000000000000018 /* DetailViewController.h */ = {isa = PBXFileReference; lastKnownFileType = sourcecode.c.h; path = DetailViewController.h; sourceTree = "<group>"; };
		A200000000000000000000019 /* CoreGraphics.framework */ = {isa = PBXFileReference; lastKnownFileType = wrapper.framework; name = CoreGraphics.framework; path = System/Library/Frameworks/CoreGraphics.framework; sourceTree = SDKROOT; };
		A300000000000000000000001 /* LCKeychainBackup.app */ = {isa = PBXFileReference; explicitFileType = wrapper.application; includeInIndex = 0; path = LCKeychainBackup.app; sourceTree = BUILT_PRODUCTS_DIR; };
/* End PBXFileReference section */

/* Begin PBXFrameworksBuildPhase section */
		A400000000000000000000001 /* Frameworks */ = {
			isa = PBXFrameworksBuildPhase;
			buildActionMask = 2147483647;
			files = (
				A100000000000000000000006 /* Security.framework in Frameworks */,
				A100000000000000000000007 /* UIKit.framework in Frameworks */,
				A100000000000000000000008 /* Foundation.framework in Frameworks */,
				A100000000000000000000009 /* UniformTypeIdentifiers.framework in Frameworks */,
				A100000000000000000000012 /* CoreGraphics.framework in Frameworks */,
			);
			runOnlyForDeploymentPostprocessing = 0;
		};
/* End PBXFrameworksBuildPhase section */

/* Begin PBXGroup section */
		A500000000000000000000001 = {
			isa = PBXGroup;
			children = (
				A500000000000000000000002 /* LCKeychainBackup */,
				A500000000000000000000003 /* Products */,
			);
			sourceTree = "<group>";
		};
		A500000000000000000000002 /* LCKeychainBackup */ = {
			isa = PBXGroup;
			children = (
				A200000000000000000000015 /* BrowseViewController.m */,
				A200000000000000000000016 /* BrowseViewController.h */,
				A200000000000000000000017 /* DetailViewController.m */,
				A200000000000000000000018 /* DetailViewController.h */,
				A200000000000000000000002 /* AppDelegate.m */,
				A200000000000000000000003 /* AppDelegate.h */,
				A200000000000000000000004 /* SceneDelegate.m */,
				A200000000000000000000005 /* SceneDelegate.h */,
				A200000000000000000000006 /* ViewController.m */,
				A200000000000000000000007 /* ViewController.h */,
				A200000000000000000000008 /* KeychainManager.m */,
				A200000000000000000000010 /* KeychainManager.h */,
				A200000000000000000000001 /* main.m */,
				A200000000000000000000011 /* Info.plist */,
			);
			path = LCKeychainBackup;
			sourceTree = "<group>";
		};
		A500000000000000000000003 /* Products */ = {
			isa = PBXGroup;
			children = (
				A300000000000000000000001 /* LCKeychainBackup.app */,
			);
			name = Products;
			sourceTree = "<group>";
		};
/* End PBXGroup section */

/* Begin PBXNativeTarget section */
		A600000000000000000000001 /* LCKeychainBackup */ = {
			isa = PBXNativeTarget;
			buildConfigurationList = A800000000000000000000002 /* Build configuration list for PBXNativeTarget "LCKeychainBackup" */;
			buildPhases = (
				A400000000000000000000001 /* Frameworks */,
				A400000000000000000000002 /* Sources */,
			);
			buildRules = (
			);
			dependencies = (
			);
			name = LCKeychainBackup;
			productName = LCKeychainBackup;
			productReference = A300000000000000000000001 /* LCKeychainBackup.app */;
			productType = "com.apple.product-type.application";
		};
/* End PBXNativeTarget section */

/* Begin PBXProject section */
		A700000000000000000000001 /* Project object */ = {
			isa = PBXProject;
			attributes = {
				LastUpgradeCheck = 1600;
				TargetAttributes = {
					A600000000000000000000001 = {
						CreatedOnToolsVersion = 16.0;
					};
				};
			};
			buildConfigurationList = A800000000000000000000001 /* Build configuration list for PBXProject "LCKeychainBackup" */;
			compatibilityVersion = "Xcode 14.0";
			developmentRegion = en;
			hasScannedForEncodings = 0;
			knownRegions = (
				en,
				Base,
			);
			mainGroup = A500000000000000000000001;
			productRefGroup = A500000000000000000000003 /* Products */;
			projectDirPath = "";
			projectRoot = "";
			targets = (
				A600000000000000000000001 /* LCKeychainBackup */,
			);
		};
/* End PBXProject section */

/* Begin PBXSourcesBuildPhase section */
		A400000000000000000000002 /* Sources */ = {
			isa = PBXSourcesBuildPhase;
			buildActionMask = 2147483647;
			files = (
				A100000000000000000000001 /* main.m in Sources */,
				A100000000000000000000002 /* AppDelegate.m in Sources */,
				A100000000000000000000003 /* SceneDelegate.m in Sources */,
				A100000000000000000000004 /* ViewController.m in Sources */,
				A100000000000000000000005 /* KeychainManager.m in Sources */,
				A100000000000000000000010 /* BrowseViewController.m in Sources */,
				A100000000000000000000011 /* DetailViewController.m in Sources */,
			);
			runOnlyForDeploymentPostprocessing = 0;
		};
/* End PBXSourcesBuildPhase section */

/* Begin XCBuildConfiguration section */
		A900000000000000000000001 /* Debug */ = {
			isa = XCBuildConfiguration;
			buildSettings = {
				ALWAYS_SEARCH_USER_PATHS = NO;
				CLANG_ANALYZER_NONNULL = YES;
				CLANG_CXX_LANGUAGE_STANDARD = "gnu++17";
				CLANG_ENABLE_OBJC_ARC = YES;
				CLANG_WARN_DOCUMENTATION_COMMENTS = YES;
				CODE_SIGNING_ALLOWED = NO;
				COPY_PHASE_STRIP = NO;
				DEBUG_INFORMATION_FORMAT = dwarf;
				ENABLE_STRICT_OBJC_MSGSEND = YES;
				GCC_C_LANGUAGE_STANDARD = gnu11;
				GCC_DYNAMIC_NO_PIC = NO;
				GCC_OPTIMIZATION_LEVEL = 0;
				GCC_PREPROCESSOR_DEFINITIONS = (
					"DEBUG=1",
					"$(inherited)",
				);
				IPHONEOS_DEPLOYMENT_TARGET = 14.0;
				MTL_ENABLE_DEBUG_INFO = INCLUDE_SOURCE;
				MTL_FAST_MATH = YES;
				ONLY_ACTIVE_ARCH = YES;
				SDKROOT = iphoneos;
			};
			name = Debug;
		};
		A900000000000000000000002 /* Release */ = {
			isa = XCBuildConfiguration;
			buildSettings = {
				ALWAYS_SEARCH_USER_PATHS = NO;
				CLANG_ANALYZER_NONNULL = YES;
				CLANG_CXX_LANGUAGE_STANDARD = "gnu++17";
				CLANG_ENABLE_OBJC_ARC = YES;
				CLANG_WARN_DOCUMENTATION_COMMENTS = YES;
				CODE_SIGNING_ALLOWED = NO;
				COPY_PHASE_STRIP = NO;
				DEBUG_INFORMATION_FORMAT = "dwarf-with-dsym";
				ENABLE_NS_ASSERTIONS = NO;
				ENABLE_STRICT_OBJC_MSGSEND = YES;
				GCC_C_LANGUAGE_STANDARD = gnu11;
				GCC_OPTIMIZATION_LEVEL = s;
				IPHONEOS_DEPLOYMENT_TARGET = 14.0;
				MTL_ENABLE_DEBUG_INFO = NO;
				MTL_FAST_MATH = YES;
				SDKROOT = iphoneos;
				SWIFT_OPTIMIZATION_LEVEL = "-O";
				VALIDATE_PRODUCT = YES;
			};
			name = Release;
		};
		A900000000000000000000003 /* Debug */ = {
			isa = XCBuildConfiguration;
			buildSettings = {
				ASSETCATALOG_COMPILER_GENERATE_SWIFT_ASSET_SYMBOL_EXTENSIONS = YES;
				CODE_SIGN_ENTITLEMENTS = "";
				CODE_SIGN_IDENTITY = "";
				CODE_SIGNING_ALLOWED = NO;
				CODE_SIGNING_REQUIRED = NO;
				AD_HOC_CODE_SIGNING_ALLOWED = YES;
				INFOPLIST_FILE = LCKeychainBackup/Info.plist;
				INFOPLIST_KEY_UIApplicationSceneManifest_Generation = YES;
				INFOPLIST_KEY_UIApplicationSupportsIndirectInputEvents = YES;
				INFOPLIST_KEY_UILaunchScreen_Generation = YES;
				LD_RUNPATH_SEARCH_PATHS = (
					"$(inherited)",
					"@executable_path/Frameworks",
				);
				PRODUCT_BUNDLE_IDENTIFIER = com.example.lckeychainbackup;
				PRODUCT_NAME = "$(TARGET_NAME)";
				SWIFT_VERSION = 5.0;
				TARGETED_DEVICE_FAMILY = "1,2";
			};
			name = Debug;
		};
		A900000000000000000000004 /* Release */ = {
			isa = XCBuildConfiguration;
			buildSettings = {
				ASSETCATALOG_COMPILER_GENERATE_SWIFT_ASSET_SYMBOL_EXTENSIONS = YES;
				CODE_SIGN_ENTITLEMENTS = "";
				CODE_SIGN_IDENTITY = "";
				CODE_SIGNING_ALLOWED = NO;
				CODE_SIGNING_REQUIRED = NO;
				AD_HOC_CODE_SIGNING_ALLOWED = YES;
				INFOPLIST_FILE = LCKeychainBackup/Info.plist;
				INFOPLIST_KEY_UIApplicationSceneManifest_Generation = YES;
				INFOPLIST_KEY_UIApplicationSupportsIndirectInputEvents = YES;
				INFOPLIST_KEY_UILaunchScreen_Generation = YES;
				LD_RUNPATH_SEARCH_PATHS = (
					"$(inherited)",
					"@executable_path/Frameworks",
				);
				PRODUCT_BUNDLE_IDENTIFIER = com.example.lckeychainbackup;
				PRODUCT_NAME = "$(TARGET_NAME)";
				SWIFT_VERSION = 5.0;
				TARGETED_DEVICE_FAMILY = "1,2";
			};
			name = Release;
		};
/* End XCBuildConfiguration section */

/* Begin XCConfigurationList section */
		A800000000000000000000001 /* Build configuration list for PBXProject "LCKeychainBackup" */ = {
			isa = XCConfigurationList;
			buildConfigurations = (
				A900000000000000000000001 /* Debug */,
				A900000000000000000000002 /* Release */,
			);
			defaultConfigurationIsVisible = 0;
			defaultConfigurationName = Release;
		};
		A800000000000000000000002 /* Build configuration list for PBXNativeTarget "LCKeychainBackup" */ = {
			isa = XCConfigurationList;
			buildConfigurations = (
				A900000000000000000000003 /* Debug */,
				A900000000000000000000004 /* Release */,
			);
			defaultConfigurationIsVisible = 0;
			defaultConfigurationName = Release;
		};
/* End XCConfigurationList section */
	};
	rootObject = A700000000000000000000001 /* Project object */;
}
